// !$*UTF8*$!
{
	archiveVersion = 1;
	classes = {
	};
	objectVersion = 46;
	objects = {

/* Begin PBXBuildFile section */
		1118F99F1AF5A2C4003B46C6 /* SSH2Client.swift in Sources */ = {isa = PBXBuildFile; fileRef = 1118F99E1AF5A2C4003B46C6 /* SSH2Client.swift */; };
		1118F9B41AF5BDE7003B46C6 /* gcrypt.framework in Frameworks */ = {isa = PBXBuildFile; fileRef = 1118F9B21AF5BDE7003B46C6 /* gcrypt.framework */; };
		1118F9B51AF5BDE7003B46C6 /* openssl.framework in Frameworks */ = {isa = PBXBuildFile; fileRef = 1118F9B31AF5BDE7003B46C6 /* openssl.framework */; };
		1118F9B71AF5BE03003B46C6 /* libssh2.a in Frameworks */ = {isa = PBXBuildFile; fileRef = 1118F9B61AF5BE03003B46C6 /* libssh2.a */; };
		1118FB171AF5C09D003B46C6 /* libz.dylib in Frameworks */ = {isa = PBXBuildFile; fileRef = 1172C9811AF42668009467AC /* libz.dylib */; };
		1118FB1B1AF5E4B5003B46C6 /* FileHandleSpec.swift in Sources */ = {isa = PBXBuildFile; fileRef = 1118FB1A1AF5E4B5003B46C6 /* FileHandleSpec.swift */; };
		1118FB1D1AF5E8E1003B46C6 /* SFTPFileHandle.swift in Sources */ = {isa = PBXBuildFile; fileRef = 1118FB1C1AF5E8E1003B46C6 /* SFTPFileHandle.swift */; };
		1118FB1F1AF5E9BA003B46C6 /* SSH2Session.swift in Sources */ = {isa = PBXBuildFile; fileRef = 1118FB1E1AF5E9BA003B46C6 /* SSH2Session.swift */; };
		1118FB271AF69747003B46C6 /* libssh2_config.h in Headers */ = {isa = PBXBuildFile; fileRef = 1118FB231AF69747003B46C6 /* libssh2_config.h */; settings = {ATTRIBUTES = (Public, ); }; };
		1118FB281AF69747003B46C6 /* libssh2_publickey.h in Headers */ = {isa = PBXBuildFile; fileRef = 1118FB241AF69747003B46C6 /* libssh2_publickey.h */; settings = {ATTRIBUTES = (Public, ); }; };
		1118FB291AF69747003B46C6 /* libssh2_sftp.h in Headers */ = {isa = PBXBuildFile; fileRef = 1118FB251AF69747003B46C6 /* libssh2_sftp.h */; settings = {ATTRIBUTES = (Public, ); }; };
		1118FB2A1AF69747003B46C6 /* libssh2.h in Headers */ = {isa = PBXBuildFile; fileRef = 1118FB261AF69747003B46C6 /* libssh2.h */; settings = {ATTRIBUTES = (Public, ); }; };
		11474F791B2CD1E600F750C4 /* Nimble.framework in Frameworks */ = {isa = PBXBuildFile; fileRef = 11474F771B2CD1E600F750C4 /* Nimble.framework */; };
		11474F7A1B2CD1E600F750C4 /* Quick.framework in Frameworks */ = {isa = PBXBuildFile; fileRef = 11474F781B2CD1E600F750C4 /* Quick.framework */; };
		114F3C981B269B260085A810 /* SSH2Channel.swift in Sources */ = {isa = PBXBuildFile; fileRef = 114F3C971B269B260085A810 /* SSH2Channel.swift */; };
		114F3C9A1B269BAC0085A810 /* SSHChannel.swift in Sources */ = {isa = PBXBuildFile; fileRef = 114F3C991B269BAC0085A810 /* SSHChannel.swift */; };
		1172C9121AF2EDAA009467AC /* SwiftSSH2.h in Headers */ = {isa = PBXBuildFile; fileRef = 1172C9111AF2EDAA009467AC /* SwiftSSH2.h */; settings = {ATTRIBUTES = (Public, ); }; };
		1172C9181AF2EDAA009467AC /* SwiftSSH2.framework in Frameworks */ = {isa = PBXBuildFile; fileRef = 1172C90C1AF2EDAA009467AC /* SwiftSSH2.framework */; };
		1172C9621AF335DF009467AC /* FileHandle.swift in Sources */ = {isa = PBXBuildFile; fileRef = 1172C9611AF335DF009467AC /* FileHandle.swift */; };
		11A259BA1B25F6CF002011A1 /* Fingerprint.swift in Sources */ = {isa = PBXBuildFile; fileRef = 11A259B91B25F6CF002011A1 /* Fingerprint.swift */; };
		11B3580C1B1CF74A00D9A950 /* SFTPSession.swift in Sources */ = {isa = PBXBuildFile; fileRef = 11B3580B1B1CF74A00D9A950 /* SFTPSession.swift */; };
		11B3580E1B1D016B00D9A950 /* SockAddressTypeProtocol.swift in Sources */ = {isa = PBXBuildFile; fileRef = 11B3580D1B1D016B00D9A950 /* SockAddressTypeProtocol.swift */; };
		11B358121B1F78B200D9A950 /* ConditionalLogging.swift in Sources */ = {isa = PBXBuildFile; fileRef = 11B358111B1F78B200D9A950 /* ConditionalLogging.swift */; };
		11ECD28C1B223D8000E84865 /* File.swift in Sources */ = {isa = PBXBuildFile; fileRef = 11ECD28B1B223D8000E84865 /* File.swift */; };
/* End PBXBuildFile section */

/* Begin PBXContainerItemProxy section */
		1172C9191AF2EDAA009467AC /* PBXContainerItemProxy */ = {
			isa = PBXContainerItemProxy;
			containerPortal = 1172C9031AF2EDAA009467AC /* Project object */;
			proxyType = 1;
			remoteGlobalIDString = 1172C90B1AF2EDAA009467AC;
			remoteInfo = SwiftSSH2;
		};
/* End PBXContainerItemProxy section */

/* Begin PBXCopyFilesBuildPhase section */
		1118FB121AF5BFAF003B46C6 /* CopyFiles */ = {
			isa = PBXCopyFilesBuildPhase;
			buildActionMask = 2147483647;
			dstPath = Headers/libssh2;
			dstSubfolderSpec = 1;
			files = (
			);
			runOnlyForDeploymentPostprocessing = 0;
		};
/* End PBXCopyFilesBuildPhase section */

/* Begin PBXFileReference section */
		1118F99E1AF5A2C4003B46C6 /* SSH2Client.swift */ = {isa = PBXFileReference; fileEncoding = 4; lastKnownFileType = sourcecode.swift; path = SSH2Client.swift; sourceTree = "<group>"; };
		1118F9B21AF5BDE7003B46C6 /* gcrypt.framework */ = {isa = PBXFileReference; lastKnownFileType = wrapper.framework; path = gcrypt.framework; sourceTree = "<group>"; };
		1118F9B31AF5BDE7003B46C6 /* openssl.framework */ = {isa = PBXFileReference; lastKnownFileType = wrapper.framework; path = openssl.framework; sourceTree = "<group>"; };
		1118F9B61AF5BE03003B46C6 /* libssh2.a */ = {isa = PBXFileReference; lastKnownFileType = archive.ar; name = libssh2.a; path = lib/libssh2.a; sourceTree = "<group>"; };
		1118FB1A1AF5E4B5003B46C6 /* FileHandleSpec.swift */ = {isa = PBXFileReference; fileEncoding = 4; lastKnownFileType = sourcecode.swift; path = FileHandleSpec.swift; sourceTree = "<group>"; };
		1118FB1C1AF5E8E1003B46C6 /* SFTPFileHandle.swift */ = {isa = PBXFileReference; fileEncoding = 4; lastKnownFileType = sourcecode.swift; path = SFTPFileHandle.swift; sourceTree = "<group>"; };
		1118FB1E1AF5E9BA003B46C6 /* SSH2Session.swift */ = {isa = PBXFileReference; fileEncoding = 4; lastKnownFileType = sourcecode.swift; path = SSH2Session.swift; sourceTree = "<group>"; };
		1118FB231AF69747003B46C6 /* libssh2_config.h */ = {isa = PBXFileReference; fileEncoding = 4; lastKnownFileType = sourcecode.c.h; name = libssh2_config.h; path = include/libssh2/libssh2_config.h; sourceTree = SOURCE_ROOT; };
		1118FB241AF69747003B46C6 /* libssh2_publickey.h */ = {isa = PBXFileReference; fileEncoding = 4; lastKnownFileType = sourcecode.c.h; name = libssh2_publickey.h; path = include/libssh2/libssh2_publickey.h; sourceTree = SOURCE_ROOT; };
		1118FB251AF69747003B46C6 /* libssh2_sftp.h */ = {isa = PBXFileReference; fileEncoding = 4; lastKnownFileType = sourcecode.c.h; name = libssh2_sftp.h; path = include/libssh2/libssh2_sftp.h; sourceTree = SOURCE_ROOT; };
		1118FB261AF69747003B46C6 /* libssh2.h */ = {isa = PBXFileReference; fileEncoding = 4; lastKnownFileType = sourcecode.c.h; name = libssh2.h; path = include/libssh2/libssh2.h; sourceTree = SOURCE_ROOT; };
		11474F771B2CD1E600F750C4 /* Nimble.framework */ = {isa = PBXFileReference; lastKnownFileType = wrapper.framework; name = Nimble.framework; path = "Carthage/Checkouts/Quick/Externals/Nimble/build/Debug-iphoneos/Nimble.framework"; sourceTree = "<group>"; };
		11474F781B2CD1E600F750C4 /* Quick.framework */ = {isa = PBXFileReference; lastKnownFileType = wrapper.framework; name = Quick.framework; path = "Carthage/Checkouts/Quick/build/Debug-iphoneos/Quick.framework"; sourceTree = "<group>"; };
		114F3C971B269B260085A810 /* SSH2Channel.swift */ = {isa = PBXFileReference; fileEncoding = 4; lastKnownFileType = sourcecode.swift; path = SSH2Channel.swift; sourceTree = "<group>"; };
		114F3C991B269BAC0085A810 /* SSHChannel.swift */ = {isa = PBXFileReference; fileEncoding = 4; lastKnownFileType = sourcecode.swift; path = SSHChannel.swift; sourceTree = "<group>"; };
		1172C90C1AF2EDAA009467AC /* SwiftSSH2.framework */ = {isa = PBXFileReference; explicitFileType = wrapper.framework; includeInIndex = 0; path = SwiftSSH2.framework; sourceTree = BUILT_PRODUCTS_DIR; };
		1172C9101AF2EDAA009467AC /* Info.plist */ = {isa = PBXFileReference; lastKnownFileType = text.plist.xml; path = Info.plist; sourceTree = "<group>"; };
		1172C9111AF2EDAA009467AC /* SwiftSSH2.h */ = {isa = PBXFileReference; lastKnownFileType = sourcecode.c.h; path = SwiftSSH2.h; sourceTree = "<group>"; };
		1172C9171AF2EDAA009467AC /* SwiftSSH2Tests.xctest */ = {isa = PBXFileReference; explicitFileType = wrapper.cfbundle; includeInIndex = 0; path = SwiftSSH2Tests.xctest; sourceTree = BUILT_PRODUCTS_DIR; };
		1172C91D1AF2EDAA009467AC /* Info.plist */ = {isa = PBXFileReference; lastKnownFileType = text.plist.xml; path = Info.plist; sourceTree = "<group>"; };
		1172C9611AF335DF009467AC /* FileHandle.swift */ = {isa = PBXFileReference; fileEncoding = 4; lastKnownFileType = sourcecode.swift; path = FileHandle.swift; sourceTree = "<group>"; };
		1172C9631AF33681009467AC /* SwiftSSH2.modulemap */ = {isa = PBXFileReference; fileEncoding = 4; lastKnownFileType = "sourcecode.module-map"; path = SwiftSSH2.modulemap; sourceTree = "<group>"; };
		1172C9811AF42668009467AC /* libz.dylib */ = {isa = PBXFileReference; lastKnownFileType = "compiled.mach-o.dylib"; name = libz.dylib; path = usr/lib/libz.dylib; sourceTree = SDKROOT; };
		11A259B81B252FE3002011A1 /* SwiftSSH2.playground */ = {isa = PBXFileReference; lastKnownFileType = file.playground; path = SwiftSSH2.playground; sourceTree = "<group>"; };
		11A259B91B25F6CF002011A1 /* Fingerprint.swift */ = {isa = PBXFileReference; fileEncoding = 4; lastKnownFileType = sourcecode.swift; path = Fingerprint.swift; sourceTree = "<group>"; };
		11B3580B1B1CF74A00D9A950 /* SFTPSession.swift */ = {isa = PBXFileReference; fileEncoding = 4; lastKnownFileType = sourcecode.swift; path = SFTPSession.swift; sourceTree = "<group>"; };
		11B3580D1B1D016B00D9A950 /* SockAddressTypeProtocol.swift */ = {isa = PBXFileReference; fileEncoding = 4; lastKnownFileType = sourcecode.swift; path = SockAddressTypeProtocol.swift; sourceTree = "<group>"; };
		11B358111B1F78B200D9A950 /* ConditionalLogging.swift */ = {isa = PBXFileReference; fileEncoding = 4; lastKnownFileType = sourcecode.swift; path = ConditionalLogging.swift; sourceTree = "<group>"; };
		11ECD28B1B223D8000E84865 /* File.swift */ = {isa = PBXFileReference; fileEncoding = 4; lastKnownFileType = sourcecode.swift; path = File.swift; sourceTree = "<group>"; };
/* End PBXFileReference section */

/* Begin PBXFrameworksBuildPhase section */
		1172C9081AF2EDAA009467AC /* Frameworks */ = {
			isa = PBXFrameworksBuildPhase;
			buildActionMask = 2147483647;
			files = (
				1118FB171AF5C09D003B46C6 /* libz.dylib in Frameworks */,
				1118F9B51AF5BDE7003B46C6 /* openssl.framework in Frameworks */,
				1118F9B41AF5BDE7003B46C6 /* gcrypt.framework in Frameworks */,
				1118F9B71AF5BE03003B46C6 /* libssh2.a in Frameworks */,
			);
			runOnlyForDeploymentPostprocessing = 0;
		};
		1172C9141AF2EDAA009467AC /* Frameworks */ = {
			isa = PBXFrameworksBuildPhase;
			buildActionMask = 2147483647;
			files = (
				11474F791B2CD1E600F750C4 /* Nimble.framework in Frameworks */,
				11474F7A1B2CD1E600F750C4 /* Quick.framework in Frameworks */,
				1172C9181AF2EDAA009467AC /* SwiftSSH2.framework in Frameworks */,
			);
			runOnlyForDeploymentPostprocessing = 0;
		};
/* End PBXFrameworksBuildPhase section */

/* Begin PBXGroup section */
		1118FB071AF5BF9C003B46C6 /* libssh2 */ = {
			isa = PBXGroup;
			children = (
				1118FB231AF69747003B46C6 /* libssh2_config.h */,
				1118FB241AF69747003B46C6 /* libssh2_publickey.h */,
				1118FB251AF69747003B46C6 /* libssh2_sftp.h */,
				1118FB261AF69747003B46C6 /* libssh2.h */,
			);
			path = libssh2;
			sourceTree = "<group>";
		};
		1118FB221AF696CF003B46C6 /* Pointer Wrappers */ = {
			isa = PBXGroup;
			children = (
				1118FB1C1AF5E8E1003B46C6 /* SFTPFileHandle.swift */,
				11B3580B1B1CF74A00D9A950 /* SFTPSession.swift */,
				1118FB1E1AF5E9BA003B46C6 /* SSH2Session.swift */,
				114F3C971B269B260085A810 /* SSH2Channel.swift */,
			);
			path = "Pointer Wrappers";
			sourceTree = "<group>";
		};
		1172C9021AF2EDAA009467AC = {
			isa = PBXGroup;
			children = (
				1172C90E1AF2EDAA009467AC /* SwiftSSH2 */,
				1172C91B1AF2EDAA009467AC /* SwiftSSH2Tests */,
				1172C9601AF335A7009467AC /* Libraries */,
				1118FB071AF5BF9C003B46C6 /* libssh2 */,
				1172C90D1AF2EDAA009467AC /* Products */,
			);
			indentWidth = 2;
			sourceTree = "<group>";
			tabWidth = 2;
		};
		1172C90D1AF2EDAA009467AC /* Products */ = {
			isa = PBXGroup;
			children = (
				1172C90C1AF2EDAA009467AC /* SwiftSSH2.framework */,
				1172C9171AF2EDAA009467AC /* SwiftSSH2Tests.xctest */,
			);
			name = Products;
			sourceTree = "<group>";
		};
		1172C90E1AF2EDAA009467AC /* SwiftSSH2 */ = {
			isa = PBXGroup;
			children = (
				1172C9111AF2EDAA009467AC /* SwiftSSH2.h */,
				1118FB221AF696CF003B46C6 /* Pointer Wrappers */,
				1172C90F1AF2EDAA009467AC /* Supporting Files */,
				11B358111B1F78B200D9A950 /* ConditionalLogging.swift */,
				11ECD28B1B223D8000E84865 /* File.swift */,
				1172C9611AF335DF009467AC /* FileHandle.swift */,
				11A259B91B25F6CF002011A1 /* Fingerprint.swift */,
				11B3580D1B1D016B00D9A950 /* SockAddressTypeProtocol.swift */,
				1118F99E1AF5A2C4003B46C6 /* SSH2Client.swift */,
				114F3C991B269BAC0085A810 /* SSHChannel.swift */,
			);
			path = SwiftSSH2;
			sourceTree = "<group>";
		};
		1172C90F1AF2EDAA009467AC /* Supporting Files */ = {
			isa = PBXGroup;
			children = (
				1172C9101AF2EDAA009467AC /* Info.plist */,
				1172C9631AF33681009467AC /* SwiftSSH2.modulemap */,
			);
			path = "Supporting Files";
			sourceTree = "<group>";
		};
		1172C91B1AF2EDAA009467AC /* SwiftSSH2Tests */ = {
			isa = PBXGroup;
			children = (
				1118FB1A1AF5E4B5003B46C6 /* FileHandleSpec.swift */,
				1172C91C1AF2EDAA009467AC /* Supporting Files */,
			);
			path = SwiftSSH2Tests;
			sourceTree = "<group>";
		};
		1172C91C1AF2EDAA009467AC /* Supporting Files */ = {
			isa = PBXGroup;
			children = (
				1172C91D1AF2EDAA009467AC /* Info.plist */,
				11A259B81B252FE3002011A1 /* SwiftSSH2.playground */,
			);
			path = "Supporting Files";
			sourceTree = "<group>";
		};
		1172C9601AF335A7009467AC /* Libraries */ = {
			isa = PBXGroup;
			children = (
				1118F9B61AF5BE03003B46C6 /* libssh2.a */,
				1118F9B21AF5BDE7003B46C6 /* gcrypt.framework */,
				1118F9B31AF5BDE7003B46C6 /* openssl.framework */,
				11474F771B2CD1E600F750C4 /* Nimble.framework */,
				11474F781B2CD1E600F750C4 /* Quick.framework */,
				1172C9811AF42668009467AC /* libz.dylib */,
			);
			name = Libraries;
			sourceTree = "<group>";
		};
/* End PBXGroup section */

/* Begin PBXHeadersBuildPhase section */
		1172C9091AF2EDAA009467AC /* Headers */ = {
			isa = PBXHeadersBuildPhase;
			buildActionMask = 2147483647;
			files = (
				1172C9121AF2EDAA009467AC /* SwiftSSH2.h in Headers */,
				1118FB2A1AF69747003B46C6 /* libssh2.h in Headers */,
				1118FB281AF69747003B46C6 /* libssh2_publickey.h in Headers */,
				1118FB271AF69747003B46C6 /* libssh2_config.h in Headers */,
				1118FB291AF69747003B46C6 /* libssh2_sftp.h in Headers */,
			);
			runOnlyForDeploymentPostprocessing = 0;
		};
/* End PBXHeadersBuildPhase section */

/* Begin PBXNativeTarget section */
		1172C90B1AF2EDAA009467AC /* SwiftSSH2 */ = {
			isa = PBXNativeTarget;
			buildConfigurationList = 1172C9221AF2EDAA009467AC /* Build configuration list for PBXNativeTarget "SwiftSSH2" */;
			buildPhases = (
				1118FB121AF5BFAF003B46C6 /* CopyFiles */,
				1172C9071AF2EDAA009467AC /* Sources */,
				1172C9081AF2EDAA009467AC /* Frameworks */,
				1172C9091AF2EDAA009467AC /* Headers */,
				1172C90A1AF2EDAA009467AC /* Resources */,
			);
			buildRules = (
			);
			dependencies = (
			);
			name = SwiftSSH2;
			productName = SwiftSSH2;
			productReference = 1172C90C1AF2EDAA009467AC /* SwiftSSH2.framework */;
			productType = "com.apple.product-type.framework";
		};
		1172C9161AF2EDAA009467AC /* SwiftSSH2Tests */ = {
			isa = PBXNativeTarget;
			buildConfigurationList = 1172C9251AF2EDAA009467AC /* Build configuration list for PBXNativeTarget "SwiftSSH2Tests" */;
			buildPhases = (
				1172C9131AF2EDAA009467AC /* Sources */,
				1172C9141AF2EDAA009467AC /* Frameworks */,
				1172C9151AF2EDAA009467AC /* Resources */,
			);
			buildRules = (
			);
			dependencies = (
				1172C91A1AF2EDAA009467AC /* PBXTargetDependency */,
			);
			name = SwiftSSH2Tests;
			productName = SwiftSSH2Tests;
			productReference = 1172C9171AF2EDAA009467AC /* SwiftSSH2Tests.xctest */;
			productType = "com.apple.product-type.bundle.unit-test";
		};
/* End PBXNativeTarget section */

/* Begin PBXProject section */
		1172C9031AF2EDAA009467AC /* Project object */ = {
			isa = PBXProject;
			attributes = {
				LastSwiftUpdateCheck = 0700;
				LastUpgradeCheck = 0700;
				ORGANIZATIONNAME = "Esteban Torres";
				TargetAttributes = {
					1172C90B1AF2EDAA009467AC = {
						CreatedOnToolsVersion = 6.3.1;
					};
					1172C9161AF2EDAA009467AC = {
						CreatedOnToolsVersion = 6.3.1;
					};
				};
			};
			buildConfigurationList = 1172C9061AF2EDAA009467AC /* Build configuration list for PBXProject "SwiftSSH2" */;
			compatibilityVersion = "Xcode 3.2";
			developmentRegion = English;
			hasScannedForEncodings = 0;
			knownRegions = (
				en,
			);
			mainGroup = 1172C9021AF2EDAA009467AC;
			productRefGroup = 1172C90D1AF2EDAA009467AC /* Products */;
			projectDirPath = "";
			projectRoot = "";
			targets = (
				1172C90B1AF2EDAA009467AC /* SwiftSSH2 */,
				1172C9161AF2EDAA009467AC /* SwiftSSH2Tests */,
			);
		};
/* End PBXProject section */

/* Begin PBXResourcesBuildPhase section */
		1172C90A1AF2EDAA009467AC /* Resources */ = {
			isa = PBXResourcesBuildPhase;
			buildActionMask = 2147483647;
			files = (
			);
			runOnlyForDeploymentPostprocessing = 0;
		};
		1172C9151AF2EDAA009467AC /* Resources */ = {
			isa = PBXResourcesBuildPhase;
			buildActionMask = 2147483647;
			files = (
			);
			runOnlyForDeploymentPostprocessing = 0;
		};
/* End PBXResourcesBuildPhase section */

/* Begin PBXSourcesBuildPhase section */
		1172C9071AF2EDAA009467AC /* Sources */ = {
			isa = PBXSourcesBuildPhase;
			buildActionMask = 2147483647;
			files = (
				114F3C9A1B269BAC0085A810 /* SSHChannel.swift in Sources */,
				11B3580C1B1CF74A00D9A950 /* SFTPSession.swift in Sources */,
				1118FB1D1AF5E8E1003B46C6 /* SFTPFileHandle.swift in Sources */,
				11B3580E1B1D016B00D9A950 /* SockAddressTypeProtocol.swift in Sources */,
				1118FB1F1AF5E9BA003B46C6 /* SSH2Session.swift in Sources */,
				1118F99F1AF5A2C4003B46C6 /* SSH2Client.swift in Sources */,
				11ECD28C1B223D8000E84865 /* File.swift in Sources */,
				114F3C981B269B260085A810 /* SSH2Channel.swift in Sources */,
				11A259BA1B25F6CF002011A1 /* Fingerprint.swift in Sources */,
				11B358121B1F78B200D9A950 /* ConditionalLogging.swift in Sources */,
				1172C9621AF335DF009467AC /* FileHandle.swift in Sources */,
			);
			runOnlyForDeploymentPostprocessing = 0;
		};
		1172C9131AF2EDAA009467AC /* Sources */ = {
			isa = PBXSourcesBuildPhase;
			buildActionMask = 2147483647;
			files = (
				1118FB1B1AF5E4B5003B46C6 /* FileHandleSpec.swift in Sources */,
			);
			runOnlyForDeploymentPostprocessing = 0;
		};
/* End PBXSourcesBuildPhase section */

/* Begin PBXTargetDependency section */
		1172C91A1AF2EDAA009467AC /* PBXTargetDependency */ = {
			isa = PBXTargetDependency;
			target = 1172C90B1AF2EDAA009467AC /* SwiftSSH2 */;
			targetProxy = 1172C9191AF2EDAA009467AC /* PBXContainerItemProxy */;
		};
/* End PBXTargetDependency section */

/* Begin XCBuildConfiguration section */
		1172C9201AF2EDAA009467AC /* Debug */ = {
			isa = XCBuildConfiguration;
			buildSettings = {
				ALWAYS_SEARCH_USER_PATHS = NO;
				CLANG_ALLOW_NON_MODULAR_INCLUDES_IN_FRAMEWORK_MODULES = YES;
				CLANG_CXX_LANGUAGE_STANDARD = "gnu++0x";
				CLANG_CXX_LIBRARY = "libc++";
				CLANG_ENABLE_MODULES = YES;
				CLANG_ENABLE_OBJC_ARC = YES;
				CLANG_WARN_BOOL_CONVERSION = YES;
				CLANG_WARN_CONSTANT_CONVERSION = YES;
				CLANG_WARN_DIRECT_OBJC_ISA_USAGE = YES_ERROR;
				CLANG_WARN_EMPTY_BODY = YES;
				CLANG_WARN_ENUM_CONVERSION = YES;
				CLANG_WARN_INT_CONVERSION = YES;
				CLANG_WARN_OBJC_ROOT_CLASS = YES_ERROR;
				CLANG_WARN_UNREACHABLE_CODE = YES;
				CLANG_WARN__DUPLICATE_METHOD_MATCH = YES;
				"CODE_SIGN_IDENTITY[sdk=iphoneos*]" = "iPhone Developer";
				COPY_PHASE_STRIP = NO;
				CURRENT_PROJECT_VERSION = 1;
				DEBUG_INFORMATION_FORMAT = "dwarf-with-dsym";
				ENABLE_STRICT_OBJC_MSGSEND = YES;
				ENABLE_TESTABILITY = YES;
				GCC_C_LANGUAGE_STANDARD = gnu99;
				GCC_DYNAMIC_NO_PIC = NO;
				GCC_NO_COMMON_BLOCKS = YES;
				GCC_OPTIMIZATION_LEVEL = 0;
				GCC_PREPROCESSOR_DEFINITIONS = (
					"DEBUG=1",
					"$(inherited)",
				);
				GCC_SYMBOLS_PRIVATE_EXTERN = NO;
				GCC_WARN_64_TO_32_BIT_CONVERSION = YES;
				GCC_WARN_ABOUT_RETURN_TYPE = YES_ERROR;
				GCC_WARN_UNDECLARED_SELECTOR = YES;
				GCC_WARN_UNINITIALIZED_AUTOS = YES_AGGRESSIVE;
				GCC_WARN_UNUSED_FUNCTION = YES;
				GCC_WARN_UNUSED_VARIABLE = YES;
				HEADER_SEARCH_PATHS = (
					"$(inherited)",
					/Applications/Xcode.app/Contents/Developer/Toolchains/XcodeDefault.xctoolchain/usr/include,
					"libssh2/**",
				);
				IPHONEOS_DEPLOYMENT_TARGET = 8.3;
				MTL_ENABLE_DEBUG_INFO = YES;
				ONLY_ACTIVE_ARCH = YES;
				SDKROOT = iphoneos;
				SWIFT_OPTIMIZATION_LEVEL = "-Onone";
				TARGETED_DEVICE_FAMILY = "1,2";
				VERSIONING_SYSTEM = "apple-generic";
				VERSION_INFO_PREFIX = "";
			};
			name = Debug;
		};
		1172C9211AF2EDAA009467AC /* Release */ = {
			isa = XCBuildConfiguration;
			buildSettings = {
				ALWAYS_SEARCH_USER_PATHS = NO;
				CLANG_ALLOW_NON_MODULAR_INCLUDES_IN_FRAMEWORK_MODULES = YES;
				CLANG_CXX_LANGUAGE_STANDARD = "gnu++0x";
				CLANG_CXX_LIBRARY = "libc++";
				CLANG_ENABLE_MODULES = YES;
				CLANG_ENABLE_OBJC_ARC = YES;
				CLANG_WARN_BOOL_CONVERSION = YES;
				CLANG_WARN_CONSTANT_CONVERSION = YES;
				CLANG_WARN_DIRECT_OBJC_ISA_USAGE = YES_ERROR;
				CLANG_WARN_EMPTY_BODY = YES;
				CLANG_WARN_ENUM_CONVERSION = YES;
				CLANG_WARN_INT_CONVERSION = YES;
				CLANG_WARN_OBJC_ROOT_CLASS = YES_ERROR;
				CLANG_WARN_UNREACHABLE_CODE = YES;
				CLANG_WARN__DUPLICATE_METHOD_MATCH = YES;
				"CODE_SIGN_IDENTITY[sdk=iphoneos*]" = "iPhone Developer";
				COPY_PHASE_STRIP = NO;
				CURRENT_PROJECT_VERSION = 1;
				DEBUG_INFORMATION_FORMAT = "dwarf-with-dsym";
				ENABLE_NS_ASSERTIONS = NO;
				ENABLE_STRICT_OBJC_MSGSEND = YES;
				GCC_C_LANGUAGE_STANDARD = gnu99;
				GCC_NO_COMMON_BLOCKS = YES;
				GCC_WARN_64_TO_32_BIT_CONVERSION = YES;
				GCC_WARN_ABOUT_RETURN_TYPE = YES_ERROR;
				GCC_WARN_UNDECLARED_SELECTOR = YES;
				GCC_WARN_UNINITIALIZED_AUTOS = YES_AGGRESSIVE;
				GCC_WARN_UNUSED_FUNCTION = YES;
				GCC_WARN_UNUSED_VARIABLE = YES;
				HEADER_SEARCH_PATHS = (
					"$(inherited)",
					/Applications/Xcode.app/Contents/Developer/Toolchains/XcodeDefault.xctoolchain/usr/include,
					"libssh2/**",
				);
				IPHONEOS_DEPLOYMENT_TARGET = 8.3;
				MTL_ENABLE_DEBUG_INFO = NO;
				SDKROOT = iphoneos;
				TARGETED_DEVICE_FAMILY = "1,2";
				VALIDATE_PRODUCT = YES;
				VERSIONING_SYSTEM = "apple-generic";
				VERSION_INFO_PREFIX = "";
			};
			name = Release;
		};
		1172C9231AF2EDAA009467AC /* Debug */ = {
			isa = XCBuildConfiguration;
			buildSettings = {
				APPLICATION_EXTENSION_API_ONLY = YES;
				CLANG_ALLOW_NON_MODULAR_INCLUDES_IN_FRAMEWORK_MODULES = YES;
				CLANG_ENABLE_MODULES = YES;
				DEFINES_MODULE = YES;
				DYLIB_COMPATIBILITY_VERSION = 1;
				DYLIB_CURRENT_VERSION = 1;
				DYLIB_INSTALL_NAME_BASE = "@rpath";
				FRAMEWORK_SEARCH_PATHS = (
					"$(inherited)",
					"$(PROJECT_DIR)",
				);
				GCC_GENERATE_TEST_COVERAGE_FILES = YES;
				GCC_INSTRUMENT_PROGRAM_FLOW_ARCS = YES;
				HEADER_SEARCH_PATHS = "include/**";
				INFOPLIST_FILE = "SwiftSSH2/Supporting Files/Info.plist";
				INSTALL_PATH = "$(LOCAL_LIBRARY_DIR)/Frameworks";
				LD_RUNPATH_SEARCH_PATHS = "$(inherited) @executable_path/Frameworks @loader_path/Frameworks";
				LIBRARY_SEARCH_PATHS = (
					"$(inherited)",
					"\"$(SRCROOT)/lib\"",
					"$(PROJECT_DIR)/lib",
				);
				ONLY_ACTIVE_ARCH = YES;
				OTHER_LDFLAGS = (
					"-lssh2",
					"-force_load",
					lib/libssh2.a,
					"-lcrypto",
					"-lssl",
				);
				OTHER_SWIFT_FLAGS = "-D DEBUG";
				PRODUCT_BUNDLE_IDENTIFIER = "es.estebantorr.$(PRODUCT_NAME:rfc1034identifier)";
				PRODUCT_NAME = "$(TARGET_NAME)";
				SKIP_INSTALL = YES;
				SWIFT_OPTIMIZATION_LEVEL = "-Onone";
			};
			name = Debug;
		};
		1172C9241AF2EDAA009467AC /* Release */ = {
			isa = XCBuildConfiguration;
			buildSettings = {
				APPLICATION_EXTENSION_API_ONLY = YES;
				CLANG_ALLOW_NON_MODULAR_INCLUDES_IN_FRAMEWORK_MODULES = YES;
				CLANG_ENABLE_MODULES = YES;
				DEFINES_MODULE = YES;
				DYLIB_COMPATIBILITY_VERSION = 1;
				DYLIB_CURRENT_VERSION = 1;
				DYLIB_INSTALL_NAME_BASE = "@rpath";
				FRAMEWORK_SEARCH_PATHS = (
					"$(inherited)",
					"$(PROJECT_DIR)",
				);
				GCC_GENERATE_TEST_COVERAGE_FILES = YES;
				GCC_INSTRUMENT_PROGRAM_FLOW_ARCS = YES;
				GCC_OPTIMIZATION_LEVEL = fast;
				HEADER_SEARCH_PATHS = "include/**";
				INFOPLIST_FILE = "SwiftSSH2/Supporting Files/Info.plist";
				INSTALL_PATH = "$(LOCAL_LIBRARY_DIR)/Frameworks";
				LD_RUNPATH_SEARCH_PATHS = "$(inherited) @executable_path/Frameworks @loader_path/Frameworks";
				LIBRARY_SEARCH_PATHS = (
					"$(inherited)",
					"\"$(SRCROOT)/lib\"",
					"$(PROJECT_DIR)/lib",
				);
				OTHER_LDFLAGS = (
					"-lssh2",
					"-force_load",
					lib/libssh2.a,
					"-lcrypto",
					"-lssl",
				);
				OTHER_SWIFT_FLAGS = "";
				PRODUCT_BUNDLE_IDENTIFIER = "es.estebantorr.$(PRODUCT_NAME:rfc1034identifier)";
				PRODUCT_NAME = "$(TARGET_NAME)";
				SKIP_INSTALL = YES;
			};
			name = Release;
		};
		1172C9261AF2EDAA009467AC /* Debug */ = {
			isa = XCBuildConfiguration;
			buildSettings = {
				FRAMEWORK_SEARCH_PATHS = (
					"$(SDKROOT)/Developer/Library/Frameworks",
					"$(inherited)",
					"$(PROJECT_DIR)/Carthage/Checkouts/Quick/Externals/Nimble/build/Debug-iphoneos",
					"$(PROJECT_DIR)/Carthage/Checkouts/Quick/build/Debug-iphoneos",
					"$(PROJECT_DIR)/Carthage/Build/iOS",
				);
				GCC_GENERATE_TEST_COVERAGE_FILES = YES;
				GCC_INSTRUMENT_PROGRAM_FLOW_ARCS = YES;
				GCC_PREPROCESSOR_DEFINITIONS = (
					"DEBUG=1",
					"$(inherited)",
				);
				INFOPLIST_FILE = "SwiftSSH2Tests/Supporting Files/Info.plist";
				LD_RUNPATH_SEARCH_PATHS = "$(inherited) @executable_path/Frameworks @loader_path/Frameworks";
				LIBRARY_SEARCH_PATHS = "$(inherited)";
				PRODUCT_BUNDLE_IDENTIFIER = "es.estebantorr.$(PRODUCT_NAME:rfc1034identifier)";
				PRODUCT_NAME = "$(TARGET_NAME)";
			};
			name = Debug;
		};
		1172C9271AF2EDAA009467AC /* Release */ = {
			isa = XCBuildConfiguration;
			buildSettings = {
				FRAMEWORK_SEARCH_PATHS = (
					"$(SDKROOT)/Developer/Library/Frameworks",
					"$(inherited)",
					"$(PROJECT_DIR)/Carthage/Checkouts/Quick/Externals/Nimble/build/Debug-iphoneos",
					"$(PROJECT_DIR)/Carthage/Checkouts/Quick/build/Debug-iphoneos",
					"$(PROJECT_DIR)/Carthage/Build/iOS",
				);
				GCC_GENERATE_TEST_COVERAGE_FILES = YES;
				GCC_INSTRUMENT_PROGRAM_FLOW_ARCS = YES;
				INFOPLIST_FILE = "SwiftSSH2Tests/Supporting Files/Info.plist";
				LD_RUNPATH_SEARCH_PATHS = "$(inherited) @executable_path/Frameworks @loader_path/Frameworks";
				LIBRARY_SEARCH_PATHS = "$(inherited)";
				PRODUCT_BUNDLE_IDENTIFIER = "es.estebantorr.$(PRODUCT_NAME:rfc1034identifier)";
				PRODUCT_NAME = "$(TARGET_NAME)";
			};
			name = Release;
		};
/* End XCBuildConfiguration section */

/* Begin XCConfigurationList section */
		1172C9061AF2EDAA009467AC /* Build configuration list for PBXProject "SwiftSSH2" */ = {
			isa = XCConfigurationList;
			buildConfigurations = (
				1172C9201AF2EDAA009467AC /* Debug */,
				1172C9211AF2EDAA009467AC /* Release */,
			);
			defaultConfigurationIsVisible = 0;
			defaultConfigurationName = Release;
		};
		1172C9221AF2EDAA009467AC /* Build configuration list for PBXNativeTarget "SwiftSSH2" */ = {
			isa = XCConfigurationList;
			buildConfigurations = (
				1172C9231AF2EDAA009467AC /* Debug */,
				1172C9241AF2EDAA009467AC /* Release */,
			);
			defaultConfigurationIsVisible = 0;
			defaultConfigurationName = Release;
		};
		1172C9251AF2EDAA009467AC /* Build configuration list for PBXNativeTarget "SwiftSSH2Tests" */ = {
			isa = XCConfigurationList;
			buildConfigurations = (
				1172C9261AF2EDAA009467AC /* Debug */,
				1172C9271AF2EDAA009467AC /* Release */,
			);
			defaultConfigurationIsVisible = 0;
			defaultConfigurationName = Release;
		};
/* End XCConfigurationList section */
	};
	rootObject = 1172C9031AF2EDAA009467AC /* Project object */;
}
